
Microsoft Visual Studio Solution File, Format Version 12.00
# Visual Studio Version 16
VisualStudioVersion = 16.0.31112.23
MinimumVisualStudioVersion = 10.0.40219.1
Project("{9A19103F-16F7-4668-BE54-9A1E7A4F7556}") = "Business", "Business\Business.csproj", "{0E4B98D0-6764-4671-B90F-1A793FA4BAFC}"
EndProject
Project("{9A19103F-16F7-4668-BE54-9A1E7A4F7556}") = "DataAccess", "DataAccess\DataAccess.csproj", "{C36E05F8-7D59-4474-9349-D70EDAD4A909}"
EndProject
Project("{9A19103F-16F7-4668-BE54-9A1E7A4F7556}") = "Entities", "Entities\Entities.csproj", "{1D451B2A-6859-465A-9FFF-B8C7F34C5B50}"
EndProject
Project("{9A19103F-16F7-4668-BE54-9A1E7A4F7556}") = "Core", "Core\Core.csproj", "{56FD3C1A-7190-4743-80A8-3C05791DF006}"
EndProject
Project("{9A19103F-16F7-4668-BE54-9A1E7A4F7556}") = "WebAPI", "WebAPI\WebAPI.csproj", "{E89941CD-A887-4353-B389-DF051C5352AA}"
EndProject
Project("{9A19103F-16F7-4668-BE54-9A1E7A4F7556}") = "ConsoleSilGitsin", "ConsoleSilGitsin\ConsoleSilGitsin.csproj", "{7E1BBD2F-6EFF-4C98-AC30-5D1354953183}"
EndProject
Global
	GlobalSection(SolutionConfigurationPlatforms) = preSolution
		Debug|Any CPU = Debug|Any CPU
		Release|Any CPU = Release|Any CPU
	EndGlobalSection
	GlobalSection(ProjectConfigurationPlatforms) = postSolution
		{0E4B98D0-6764-4671-B90F-1A793FA4BAFC}.Debug|Any CPU.ActiveCfg = Debug|Any CPU
		{0E4B98D0-6764-4671-B90F-1A793FA4BAFC}.Debug|Any CPU.Build.0 = Debug|Any CPU
		{0E4B98D0-6764-4671-B90F-1A793FA4BAFC}.Release|Any CPU.ActiveCfg = Release|Any CPU
		{0E4B98D0-6764-4671-B90F-1A793FA4BAFC}.Release|Any CPU.Build.0 = Release|Any CPU
		{C36E05F8-7D59-4474-9349-D70EDAD4A909}.Debug|Any CPU.ActiveCfg = Debug|Any CPU
		{C36E05F8-7D59-4474-9349-D70EDAD4A909}.Debug|Any CPU.Build.0 = Debug|Any CPU
		{C36E05F8-7D59-4474-9349-D70EDAD4A909}.Release|Any CPU.ActiveCfg = Release|Any CPU
		{C36E05F8-7D59-4474-9349-D70EDAD4A909}.Release|Any CPU.Build.0 = Release|Any CPU
		{1D451B2A-6859-465A-9FFF-B8C7F34C5B50}.Debug|Any CPU.ActiveCfg = Debug|Any CPU
		{1D451B2A-6859-465A-9FFF-B8C7F34C5B50}.Debug|Any CPU.Build.0 = Debug|Any CPU
		{1D451B2A-6859-465A-9FFF-B8C7F34C5B50}.Release|Any CPU.ActiveCfg = Release|Any CPU
		{1D451B2A-6859-465A-9FFF-B8C7F34C5B50}.Release|Any CPU.Build.0 = Release|Any CPU
		{56FD3C1A-7190-4743-80A8-3C05791DF006}.Debug|Any CPU.ActiveCfg = Debug|Any CPU
		{56FD3C1A-7190-4743-80A8-3C05791DF006}.Debug|Any CPU.Build.0 = Debug|Any CPU
		{56FD3C1A-7190-4743-80A8-3C05791DF006}.Release|Any CPU.ActiveCfg = Release|Any CPU
		{56FD3C1A-7190-4743-80A8-3C05791DF006}.Release|Any CPU.Build.0 = Release|Any CPU
		{E89941CD-A887-4353-B389-DF051C5352AA}.Debug|Any CPU.ActiveCfg = Debug|Any CPU
		{E89941CD-A887-4353-B389-DF051C5352AA}.Debug|Any CPU.Build.0 = Debug|Any CPU
		{E89941CD-A887-4353-B389-DF051C5352AA}.Release|Any CPU.ActiveCfg = Release|Any CPU
		{E89941CD-A887-4353-B389-DF051C5352AA}.Release|Any CPU.Build.0 = Release|Any CPU
		{7E1BBD2F-6EFF-4C98-AC30-5D1354953183}.Debug|Any CPU.ActiveCfg = Debug|Any CPU
		{7E1BBD2F-6EFF-4C98-AC30-5D1354953183}.Debug|Any CPU.Build.0 = Debug|Any CPU
		{7E1BBD2F-6EFF-4C98-AC30-5D1354953183}.Release|Any CPU.ActiveCfg = Release|Any CPU
		{7E1BBD2F-6EFF-4C98-AC30-5D1354953183}.Release|Any CPU.Build.0 = Release|Any CPU
	EndGlobalSection
	GlobalSection(SolutionProperties) = preSolution
		HideSolutionNode = FALSE
	EndGlobalSection
	GlobalSection(ExtensibilityGlobals) = postSolution
		SolutionGuid = {25CD85A2-FE1A-4299-9EA6-428E0420EA28}
	EndGlobalSection
EndGlobal
